// !$*UTF8*$!
{
	archiveVersion = 1;
	classes = {
	};
	objectVersion = 55;
	objects = {

/* Begin PBXBuildFile section */
		1E495E0D2814BD6700B593BE /* CheckListView.swift in Sources */ = {isa = PBXBuildFile; fileRef = 1E495E0C2814BD6700B593BE /* CheckListView.swift */; };
		1E5365AF2809C6E60074A5AA /* AppDelegate.swift in Sources */ = {isa = PBXBuildFile; fileRef = 1E5365AE2809C6E60074A5AA /* AppDelegate.swift */; };
		1E5365B12809C6E60074A5AA /* SceneDelegate.swift in Sources */ = {isa = PBXBuildFile; fileRef = 1E5365B02809C6E60074A5AA /* SceneDelegate.swift */; };
		1E5365B32809C6E60074A5AA /* ViewController.swift in Sources */ = {isa = PBXBuildFile; fileRef = 1E5365B22809C6E60074A5AA /* ViewController.swift */; };
		1E5365B82809C6EA0074A5AA /* Assets.xcassets in Resources */ = {isa = PBXBuildFile; fileRef = 1E5365B72809C6EA0074A5AA /* Assets.xcassets */; };
		1E5365BB2809C6EA0074A5AA /* LaunchScreen.storyboard in Resources */ = {isa = PBXBuildFile; fileRef = 1E5365B92809C6EA0074A5AA /* LaunchScreen.storyboard */; };
		1E5365C32809D1400074A5AA /* ViewPreview.swift in Sources */ = {isa = PBXBuildFile; fileRef = 1E5365C22809D1400074A5AA /* ViewPreview.swift */; };
		1E5365C52809D61B0074A5AA /* ViewControllerPreview.swift in Sources */ = {isa = PBXBuildFile; fileRef = 1E5365C42809D61B0074A5AA /* ViewControllerPreview.swift */; };
		1E700B8928149CA40016A88B /* RadioButton.swift in Sources */ = {isa = PBXBuildFile; fileRef = 1E700B8828149CA40016A88B /* RadioButton.swift */; };
/* End PBXBuildFile section */

/* Begin PBXFileReference section */
		1E495E0C2814BD6700B593BE /* CheckListView.swift */ = {isa = PBXFileReference; lastKnownFileType = sourcecode.swift; path = CheckListView.swift; sourceTree = "<group>"; };
		1E5365AB2809C6E60074A5AA /* UIKitPreview.app */ = {isa = PBXFileReference; explicitFileType = wrapper.application; includeInIndex = 0; path = UIKitPreview.app; sourceTree = BUILT_PRODUCTS_DIR; };
		1E5365AE2809C6E60074A5AA /* AppDelegate.swift */ = {isa = PBXFileReference; lastKnownFileType = sourcecode.swift; path = AppDelegate.swift; sourceTree = "<group>"; };
		1E5365B02809C6E60074A5AA /* SceneDelegate.swift */ = {isa = PBXFileReference; lastKnownFileType = sourcecode.swift; path = SceneDelegate.swift; sourceTree = "<group>"; };
		1E5365B22809C6E60074A5AA /* ViewController.swift */ = {isa = PBXFileReference; lastKnownFileType = sourcecode.swift; path = ViewController.swift; sourceTree = "<group>"; };
		1E5365B72809C6EA0074A5AA /* Assets.xcassets */ = {isa = PBXFileReference; lastKnownFileType = folder.assetcatalog; path = Assets.xcassets; sourceTree = "<group>"; };
		1E5365BA2809C6EA0074A5AA /* Base */ = {isa = PBXFileReference; lastKnownFileType = file.storyboard; name = Base; path = Base.lproj/LaunchScreen.storyboard; sourceTree = "<group>"; };
		1E5365BC2809C6EA0074A5AA /* Info.plist */ = {isa = PBXFileReference; lastKnownFileType = text.plist.xml; path = Info.plist; sourceTree = "<group>"; };
		1E5365C22809D1400074A5AA /* ViewPreview.swift */ = {isa = PBXFileReference; lastKnownFileType = sourcecode.swift; path = ViewPreview.swift; sourceTree = "<group>"; };
		1E5365C42809D61B0074A5AA /* ViewControllerPreview.swift */ = {isa = PBXFileReference; lastKnownFileType = sourcecode.swift; path = ViewControllerPreview.swift; sourceTree = "<group>"; };
		1E700B812813FC910016A88B /* README.md */ = {isa = PBXFileReference; lastKnownFileType = net.daringfireball.markdown; path = README.md; sourceTree = "<group>"; };
		1E700B8828149CA40016A88B /* RadioButton.swift */ = {isa = PBXFileReference; lastKnownFileType = sourcecode.swift; path = RadioButton.swift; sourceTree = "<group>"; };
/* End PBXFileReference section */

/* Begin PBXFrameworksBuildPhase section */
		1E5365A82809C6E60074A5AA /* Frameworks */ = {
			isa = PBXFrameworksBuildPhase;
			buildActionMask = 2147483647;
			files = (
			);
			runOnlyForDeploymentPostprocessing = 0;
		};
/* End PBXFrameworksBuildPhase section */

/* Begin PBXGroup section */
		1E5365A22809C6E60074A5AA = {
			isa = PBXGroup;
			children = (
				1E700B812813FC910016A88B /* README.md */,
				1E5365AD2809C6E60074A5AA /* UIKitPreview */,
				1E5365AC2809C6E60074A5AA /* Products */,
			);
			sourceTree = "<group>";
		};
		1E5365AC2809C6E60074A5AA /* Products */ = {
			isa = PBXGroup;
			children = (
				1E5365AB2809C6E60074A5AA /* UIKitPreview.app */,
			);
			name = Products;
			sourceTree = "<group>";
		};
		1E5365AD2809C6E60074A5AA /* UIKitPreview */ = {
			isa = PBXGroup;
			children = (
				1E700B8728149C3F0016A88B /* radiobutton+label */,
				1E5365C42809D61B0074A5AA /* ViewControllerPreview.swift */,
				1E5365AE2809C6E60074A5AA /* AppDelegate.swift */,
				1E5365B02809C6E60074A5AA /* SceneDelegate.swift */,
				1E5365B22809C6E60074A5AA /* ViewController.swift */,
				1E5365C22809D1400074A5AA /* ViewPreview.swift */,
				1E5365B72809C6EA0074A5AA /* Assets.xcassets */,
				1E5365B92809C6EA0074A5AA /* LaunchScreen.storyboard */,
				1E5365BC2809C6EA0074A5AA /* Info.plist */,
			);
			path = UIKitPreview;
			sourceTree = "<group>";
		};
		1E700B8728149C3F0016A88B /* radiobutton+label */ = {
			isa = PBXGroup;
			children = (
				1E700B8828149CA40016A88B /* RadioButton.swift */,
				1E495E0C2814BD6700B593BE /* CheckListView.swift */,
			);
			path = "radiobutton+label";
			sourceTree = "<group>";
		};
/* End PBXGroup section */

/* Begin PBXNativeTarget section */
		1E5365AA2809C6E60074A5AA /* UIKitPreview */ = {
			isa = PBXNativeTarget;
			buildConfigurationList = 1E5365BF2809C6EA0074A5AA /* Build configuration list for PBXNativeTarget "UIKitPreview" */;
			buildPhases = (
				1E5365A72809C6E60074A5AA /* Sources */,
				1E5365A82809C6E60074A5AA /* Frameworks */,
				1E5365A92809C6E60074A5AA /* Resources */,
			);
			buildRules = (
			);
			dependencies = (
			);
			name = UIKitPreview;
			productName = UIKitPreview;
			productReference = 1E5365AB2809C6E60074A5AA /* UIKitPreview.app */;
			productType = "com.apple.product-type.application";
		};
/* End PBXNativeTarget section */

/* Begin PBXProject section */
		1E5365A32809C6E60074A5AA /* Project object */ = {
			isa = PBXProject;
			attributes = {
				BuildIndependentTargetsInParallel = 1;
				LastSwiftUpdateCheck = 1330;
				LastUpgradeCheck = 1330;
				TargetAttributes = {
					1E5365AA2809C6E60074A5AA = {
						CreatedOnToolsVersion = 13.3;
					};
				};
			};
			buildConfigurationList = 1E5365A62809C6E60074A5AA /* Build configuration list for PBXProject "UIKitPreview" */;
			compatibilityVersion = "Xcode 13.0";
			developmentRegion = en;
			hasScannedForEncodings = 0;
			knownRegions = (
				en,
				Base,
			);
			mainGroup = 1E5365A22809C6E60074A5AA;
			productRefGroup = 1E5365AC2809C6E60074A5AA /* Products */;
			projectDirPath = "";
			projectRoot = "";
			targets = (
				1E5365AA2809C6E60074A5AA /* UIKitPreview */,
			);
		};
/* End PBXProject section */

/* Begin PBXResourcesBuildPhase section */
		1E5365A92809C6E60074A5AA /* Resources */ = {
			isa = PBXResourcesBuildPhase;
			buildActionMask = 2147483647;
			files = (
				1E5365BB2809C6EA0074A5AA /* LaunchScreen.storyboard in Resources */,
				1E5365B82809C6EA0074A5AA /* Assets.xcassets in Resources */,
			);
			runOnlyForDeploymentPostprocessing = 0;
		};
/* End PBXResourcesBuildPhase section */

/* Begin PBXSourcesBuildPhase section */
		1E5365A72809C6E60074A5AA /* Sources */ = {
			isa = PBXSourcesBuildPhase;
			buildActionMask = 2147483647;
			files = (
				1E5365B32809C6E60074A5AA /* ViewController.swift in Sources */,
				1E5365C52809D61B0074A5AA /* ViewControllerPreview.swift in Sources */,
				1E5365C32809D1400074A5AA /* ViewPreview.swift in Sources */,
				1E495E0D2814BD6700B593BE /* CheckListView.swift in Sources */,
				1E700B8928149CA40016A88B /* RadioButton.swift in Sources */,
				1E5365AF2809C6E60074A5AA /* AppDelegate.swift in Sources */,
				1E5365B12809C6E60074A5AA /* SceneDelegate.swift in Sources */,
			);
			runOnlyForDeploymentPostprocessing = 0;
		};
/* End PBXSourcesBuildPhase section */

/* Begin PBXVariantGroup section */
		1E5365B92809C6EA0074A5AA /* LaunchScreen.storyboard */ = {
			isa = PBXVariantGroup;
			children = (
				1E5365BA2809C6EA0074A5AA /* Base */,
			);
			name = LaunchScreen.storyboard;
			sourceTree = "<group>";
		};
/* End PBXVariantGroup section */

/* Begin XCBuildConfiguration section */
		1E5365BD2809C6EA0074A5AA /* Debug */ = {
			isa = XCBuildConfiguration;
			buildSettings = {
				ALWAYS_SEARCH_USER_PATHS = NO;
				CLANG_ANALYZER_NONNULL = YES;
				CLANG_ANALYZER_NUMBER_OBJECT_CONVERSION = YES_AGGRESSIVE;
				CLANG_CXX_LANGUAGE_STANDARD = "gnu++17";
				CLANG_ENABLE_MODULES = YES;
				CLANG_ENABLE_OBJC_ARC = YES;
				CLANG_ENABLE_OBJC_WEAK = YES;
				CLANG_WARN_BLOCK_CAPTURE_AUTORELEASING = YES;
				CLANG_WARN_BOOL_CONVERSION = YES;
				CLANG_WARN_COMMA = YES;
				CLANG_WARN_CONSTANT_CONVERSION = YES;
				CLANG_WARN_DEPRECATED_OBJC_IMPLEMENTATIONS = YES;
				CLANG_WARN_DIRECT_OBJC_ISA_USAGE = YES_ERROR;
				CLANG_WARN_DOCUMENTATION_COMMENTS = YES;
				CLANG_WARN_EMPTY_BODY = YES;
				CLANG_WARN_ENUM_CONVERSION = YES;
				CLANG_WARN_INFINITE_RECURSION = YES;
				CLANG_WARN_INT_CONVERSION = YES;
				CLANG_WARN_NON_LITERAL_NULL_CONVERSION = YES;
				CLANG_WARN_OBJC_IMPLICIT_RETAIN_SELF = YES;
				CLANG_WARN_OBJC_LITERAL_CONVERSION = YES;
				CLANG_WARN_OBJC_ROOT_CLASS = YES_ERROR;
				CLANG_WARN_QUOTED_INCLUDE_IN_FRAMEWORK_HEADER = YES;
				CLANG_WARN_RANGE_LOOP_ANALYSIS = YES;
				CLANG_WARN_STRICT_PROTOTYPES = YES;
				CLANG_WARN_SUSPICIOUS_MOVE = YES;
				CLANG_WARN_UNGUARDED_AVAILABILITY = YES_AGGRESSIVE;
				CLANG_WARN_UNREACHABLE_CODE = YES;
				CLANG_WARN__DUPLICATE_METHOD_MATCH = YES;
				COPY_PHASE_STRIP = NO;
				DEBUG_INFORMATION_FORMAT = dwarf;
				ENABLE_STRICT_OBJC_MSGSEND = YES;
				ENABLE_TESTABILITY = YES;
				GCC_C_LANGUAGE_STANDARD = gnu11;
				GCC_DYNAMIC_NO_PIC = NO;
				GCC_NO_COMMON_BLOCKS = YES;
				GCC_OPTIMIZATION_LEVEL = 0;
				GCC_PREPROCESSOR_DEFINITIONS = (
					"DEBUG=1",
					"$(inherited)",
				);
				GCC_WARN_64_TO_32_BIT_CONVERSION = YES;
				GCC_WARN_ABOUT_RETURN_TYPE = YES_ERROR;
				GCC_WARN_UNDECLARED_SELECTOR = YES;
				GCC_WARN_UNINITIALIZED_AUTOS = YES_AGGRESSIVE;
				GCC_WARN_UNUSED_FUNCTION = YES;
				GCC_WARN_UNUSED_VARIABLE = YES;
				IPHONEOS_DEPLOYMENT_TARGET = 15.4;
				MTL_ENABLE_DEBUG_INFO = INCLUDE_SOURCE;
				MTL_FAST_MATH = YES;
				ONLY_ACTIVE_ARCH = YES;
				SDKROOT = iphoneos;
				SWIFT_ACTIVE_COMPILATION_CONDITIONS = DEBUG;
				SWIFT_OPTIMIZATION_LEVEL = "-Onone";
			};
			name = Debug;
		};
		1E5365BE2809C6EA0074A5AA /* Release */ = {
			isa = XCBuildConfiguration;
			buildSettings = {
				ALWAYS_SEARCH_USER_PATHS = NO;
				CLANG_ANALYZER_NONNULL = YES;
				CLANG_ANALYZER_NUMBER_OBJECT_CONVERSION = YES_AGGRESSIVE;
				CLANG_CXX_LANGUAGE_STANDARD = "gnu++17";
				CLANG_ENABLE_MODULES = YES;
				CLANG_ENABLE_OBJC_ARC = YES;
				CLANG_ENABLE_OBJC_WEAK = YES;
				CLANG_WARN_BLOCK_CAPTURE_AUTORELEASING = YES;
				CLANG_WARN_BOOL_CONVERSION = YES;
				CLANG_WARN_COMMA = YES;
				CLANG_WARN_CONSTANT_CONVERSION = YES;
				CLANG_WARN_DEPRECATED_OBJC_IMPLEMENTATIONS = YES;
				CLANG_WARN_DIRECT_OBJC_ISA_USAGE = YES_ERROR;
				CLANG_WARN_DOCUMENTATION_COMMENTS = YES;
				CLANG_WARN_EMPTY_BODY = YES;
				CLANG_WARN_ENUM_CONVERSION = YES;
				CLANG_WARN_INFINITE_RECURSION = YES;
				CLANG_WARN_INT_CONVERSION = YES;
				CLANG_WARN_NON_LITERAL_NULL_CONVERSION = YES;
				CLANG_WARN_OBJC_IMPLICIT_RETAIN_SELF = YES;
				CLANG_WARN_OBJC_LITERAL_CONVERSION = YES;
				CLANG_WARN_OBJC_ROOT_CLASS = YES_ERROR;
				CLANG_WARN_QUOTED_INCLUDE_IN_FRAMEWORK_HEADER = YES;
				CLANG_WARN_RANGE_LOOP_ANALYSIS = YES;
				CLANG_WARN_STRICT_PROTOTYPES = YES;
				CLANG_WARN_SUSPICIOUS_MOVE = YES;
				CLANG_WARN_UNGUARDED_AVAILABILITY = YES_AGGRESSIVE;
				CLANG_WARN_UNREACHABLE_CODE = YES;
				CLANG_WARN__DUPLICATE_METHOD_MATCH = YES;
				COPY_PHASE_STRIP = NO;
				DEBUG_INFORMATION_FORMAT = "dwarf-with-dsym";
				ENABLE_NS_ASSERTIONS = NO;
				ENABLE_STRICT_OBJC_MSGSEND = YES;
				GCC_C_LANGUAGE_STANDARD = gnu11;
				GCC_NO_COMMON_BLOCKS = YES;
				GCC_WARN_64_TO_32_BIT_CONVERSION = YES;
				GCC_WARN_ABOUT_RETURN_TYPE = YES_ERROR;
				GCC_WARN_UNDECLARED_SELECTOR = YES;
				GCC_WARN_UNINITIALIZED_AUTOS = YES_AGGRESSIVE;
				GCC_WARN_UNUSED_FUNCTION = YES;
				GCC_WARN_UNUSED_VARIABLE = YES;
				IPHONEOS_DEPLOYMENT_TARGET = 15.4;
				MTL_ENABLE_DEBUG_INFO = NO;
				MTL_FAST_MATH = YES;
				SDKROOT = iphoneos;
				SWIFT_COMPILATION_MODE = wholemodule;
				SWIFT_OPTIMIZATION_LEVEL = "-O";
				VALIDATE_PRODUCT = YES;
			};
			name = Release;
		};
		1E5365C02809C6EA0074A5AA /* Debug */ = {
			isa = XCBuildConfiguration;
			buildSettings = {
				ASSETCATALOG_COMPILER_APPICON_NAME = AppIcon;
				ASSETCATALOG_COMPILER_GLOBAL_ACCENT_COLOR_NAME = AccentColor;
				CODE_SIGN_STYLE = Automatic;
				CURRENT_PROJECT_VERSION = 1;
				DEVELOPMENT_TEAM = YY8F8FMUG3;
				GENERATE_INFOPLIST_FILE = YES;
				INFOPLIST_FILE = UIKitPreview/Info.plist;
				INFOPLIST_KEY_UIApplicationSupportsIndirectInputEvents = YES;
				INFOPLIST_KEY_UILaunchStoryboardName = LaunchScreen;
				INFOPLIST_KEY_UISupportedInterfaceOrientations_iPad = "UIInterfaceOrientationPortrait UIInterfaceOrientationPortraitUpsideDown UIInterfaceOrientationLandscapeLeft UIInterfaceOrientationLandscapeRight";
				INFOPLIST_KEY_UISupportedInterfaceOrientations_iPhone = "UIInterfaceOrientationPortrait UIInterfaceOrientationLandscapeLeft UIInterfaceOrientationLandscapeRight";
				LD_RUNPATH_SEARCH_PATHS = (
					"$(inherited)",
					"@executable_path/Frameworks",
				);
				MARKETING_VERSION = 1.0;
				PRODUCT_BUNDLE_IDENTIFIER = com.NH.UIKitPreview.UIKitPreview;
				PRODUCT_NAME = "$(TARGET_NAME)";
				SWIFT_EMIT_LOC_STRINGS = YES;
				SWIFT_VERSION = 5.0;
				TARGETED_DEVICE_FAMILY = 1;
			};
			name = Debug;
		};
		1E5365C12809C6EA0074A5AA /* Release */ = {
			isa = XCBuildConfiguration;
			buildSettings = {
				ASSETCATALOG_COMPILER_APPICON_NAME = AppIcon;
				ASSETCATALOG_COMPILER_GLOBAL_ACCENT_COLOR_NAME = AccentColor;
				CODE_SIGN_STYLE = Automatic;
				CURRENT_PROJECT_VERSION = 1;
				DEVELOPMENT_TEAM = YY8F8FMUG3;
				GENERATE_INFOPLIST_FILE = YES;
				INFOPLIST_FILE = UIKitPreview/Info.plist;
				INFOPLIST_KEY_UIApplicationSupportsIndirectInputEvents = YES;
				INFOPLIST_KEY_UILaunchStoryboardName = LaunchScreen;
				INFOPLIST_KEY_UISupportedInterfaceOrientations_iPad = "UIInterfaceOrientationPortrait UIInterfaceOrientationPortraitUpsideDown UIInterfaceOrientationLandscapeLeft UIInterfaceOrientationLandscapeRight";
				INFOPLIST_KEY_UISupportedInterfaceOrientations_iPhone = "UIInterfaceOrientationPortrait UIInterfaceOrientationLandscapeLeft UIInterfaceOrientationLandscapeRight";
				LD_RUNPATH_SEARCH_PATHS = (
					"$(inherited)",
					"@executable_path/Frameworks",
				);
				MARKETING_VERSION = 1.0;
				PRODUCT_BUNDLE_IDENTIFIER = com.NH.UIKitPreview.UIKitPreview;
				PRODUCT_NAME = "$(TARGET_NAME)";
				SWIFT_EMIT_LOC_STRINGS = YES;
				SWIFT_VERSION = 5.0;
				TARGETED_DEVICE_FAMILY = 1;
			};
			name = Release;
		};
/* End XCBuildConfiguration section */

/* Begin XCConfigurationList section */
		1E5365A62809C6E60074A5AA /* Build configuration list for PBXProject "UIKitPreview" */ = {
			isa = XCConfigurationList;
			buildConfigurations = (
				1E5365BD2809C6EA0074A5AA /* Debug */,
				1E5365BE2809C6EA0074A5AA /* Release */,
			);
			defaultConfigurationIsVisible = 0;
			defaultConfigurationName = Release;
		};
		1E5365BF2809C6EA0074A5AA /* Build configuration list for PBXNativeTarget "UIKitPreview" */ = {
			isa = XCConfigurationList;
			buildConfigurations = (
				1E5365C02809C6EA0074A5AA /* Debug */,
				1E5365C12809C6EA0074A5AA /* Release */,
			);
			defaultConfigurationIsVisible = 0;
			defaultConfigurationName = Release;
		};
/* End XCConfigurationList section */
	};
	rootObject = 1E5365A32809C6E60074A5AA /* Project object */;
}
